// !$*UTF8*$!
{
	archiveVersion = 1;
	classes = {
	};
	objectVersion = 46;
	objects = {

/* Begin PBXBuildFile section */
		9808660A1DF4CFF600DB5925 /* main.cpp in Sources */ = {isa = PBXBuildFile; fileRef = 980866091DF4CFF600DB5925 /* main.cpp */; };
		980866121DF4D07800DB5925 /* Card.cpp in Sources */ = {isa = PBXBuildFile; fileRef = 980866101DF4D07800DB5925 /* Card.cpp */; };
		980866151DF4D55300DB5925 /* Deck.cpp in Sources */ = {isa = PBXBuildFile; fileRef = 980866131DF4D55300DB5925 /* Deck.cpp */; };
		98DAD1F31E054B7200D227BF /* Player.cpp in Sources */ = {isa = PBXBuildFile; fileRef = 98DAD1F11E054B7200D227BF /* Player.cpp */; };
		98DAD1F91E054BDD00D227BF /* PlayingRound.cpp in Sources */ = {isa = PBXBuildFile; fileRef = 98DAD1F71E054BDD00D227BF /* PlayingRound.cpp */; };
		98DAD1FC1E054BF200D227BF /* Game.cpp in Sources */ = {isa = PBXBuildFile; fileRef = 98DAD1FA1E054BF200D227BF /* Game.cpp */; };
		98DAD1FF1E054C6800D227BF /* Team.cpp in Sources */ = {isa = PBXBuildFile; fileRef = 98DAD1FD1E054C6800D227BF /* Team.cpp */; };
		98DAD2021E05733000D227BF /* Object.cpp in Sources */ = {isa = PBXBuildFile; fileRef = 98DAD2001E05733000D227BF /* Object.cpp */; };
/* End PBXBuildFile section */

/* Begin PBXCopyFilesBuildPhase section */
		980866041DF4CFF500DB5925 /* CopyFiles */ = {
			isa = PBXCopyFilesBuildPhase;
			buildActionMask = 2147483647;
			dstPath = /usr/share/man/man1/;
			dstSubfolderSpec = 0;
			files = (
			);
			runOnlyForDeploymentPostprocessing = 1;
		};
/* End PBXCopyFilesBuildPhase section */

/* Begin PBXFileReference section */
		980866061DF4CFF600DB5925 /* 304 */ = {isa = PBXFileReference; explicitFileType = "compiled.mach-o.executable"; includeInIndex = 0; path = 304; sourceTree = BUILT_PRODUCTS_DIR; };
		980866091DF4CFF600DB5925 /* main.cpp */ = {isa = PBXFileReference; lastKnownFileType = sourcecode.cpp.cpp; path = main.cpp; sourceTree = "<group>"; };
		980866101DF4D07800DB5925 /* Card.cpp */ = {isa = PBXFileReference; fileEncoding = 4; lastKnownFileType = sourcecode.cpp.cpp; name = Card.cpp; path = Classes/Card.cpp; sourceTree = "<group>"; };
		980866111DF4D07800DB5925 /* Card.hpp */ = {isa = PBXFileReference; fileEncoding = 4; lastKnownFileType = sourcecode.cpp.h; name = Card.hpp; path = Classes/Card.hpp; sourceTree = "<group>"; };
		980866131DF4D55300DB5925 /* Deck.cpp */ = {isa = PBXFileReference; fileEncoding = 4; lastKnownFileType = sourcecode.cpp.cpp; name = Deck.cpp; path = Classes/Deck.cpp; sourceTree = "<group>"; };
		980866141DF4D55300DB5925 /* Deck.hpp */ = {isa = PBXFileReference; fileEncoding = 4; lastKnownFileType = sourcecode.cpp.h; name = Deck.hpp; path = Classes/Deck.hpp; sourceTree = "<group>"; };
		98DAD1F11E054B7200D227BF /* Player.cpp */ = {isa = PBXFileReference; fileEncoding = 4; lastKnownFileType = sourcecode.cpp.cpp; name = Player.cpp; path = Classes/Player.cpp; sourceTree = "<group>"; };
		98DAD1F21E054B7200D227BF /* Player.hpp */ = {isa = PBXFileReference; fileEncoding = 4; lastKnownFileType = sourcecode.cpp.h; name = Player.hpp; path = Classes/Player.hpp; sourceTree = "<group>"; };
		98DAD1F71E054BDD00D227BF /* PlayingRound.cpp */ = {isa = PBXFileReference; fileEncoding = 4; lastKnownFileType = sourcecode.cpp.cpp; name = PlayingRound.cpp; path = Classes/PlayingRound.cpp; sourceTree = "<group>"; };
		98DAD1F81E054BDD00D227BF /* PlayingRound.hpp */ = {isa = PBXFileReference; fileEncoding = 4; lastKnownFileType = sourcecode.cpp.h; name = PlayingRound.hpp; path = Classes/PlayingRound.hpp; sourceTree = "<group>"; };
		98DAD1FA1E054BF200D227BF /* Game.cpp */ = {isa = PBXFileReference; fileEncoding = 4; lastKnownFileType = sourcecode.cpp.cpp; name = Game.cpp; path = Classes/Game.cpp; sourceTree = "<group>"; };
		98DAD1FB1E054BF200D227BF /* Game.hpp */ = {isa = PBXFileReference; fileEncoding = 4; lastKnownFileType = sourcecode.cpp.h; name = Game.hpp; path = Classes/Game.hpp; sourceTree = "<group>"; };
		98DAD1FD1E054C6800D227BF /* Team.cpp */ = {isa = PBXFileReference; fileEncoding = 4; lastKnownFileType = sourcecode.cpp.cpp; name = Team.cpp; path = Classes/Team.cpp; sourceTree = "<group>"; };
		98DAD1FE1E054C6800D227BF /* Team.hpp */ = {isa = PBXFileReference; fileEncoding = 4; lastKnownFileType = sourcecode.cpp.h; name = Team.hpp; path = Classes/Team.hpp; sourceTree = "<group>"; };
		98DAD2001E05733000D227BF /* Object.cpp */ = {isa = PBXFileReference; fileEncoding = 4; lastKnownFileType = sourcecode.cpp.cpp; name = Object.cpp; path = Classes/Object.cpp; sourceTree = "<group>"; };
		98DAD2011E05733000D227BF /* Object.hpp */ = {isa = PBXFileReference; fileEncoding = 4; lastKnownFileType = sourcecode.cpp.h; name = Object.hpp; path = Classes/Object.hpp; sourceTree = "<group>"; };
		98DAD2031E05D8DB00D227BF /* 304rules.txt */ = {isa = PBXFileReference; lastKnownFileType = text; path = 304rules.txt; sourceTree = "<group>"; };
/* End PBXFileReference section */

/* Begin PBXFrameworksBuildPhase section */
		980866031DF4CFF500DB5925 /* Frameworks */ = {
			isa = PBXFrameworksBuildPhase;
			buildActionMask = 2147483647;
			files = (
			);
			runOnlyForDeploymentPostprocessing = 0;
		};
/* End PBXFrameworksBuildPhase section */

/* Begin PBXGroup section */
		980865FD1DF4CFF500DB5925 = {
			isa = PBXGroup;
			children = (
				98DAD2031E05D8DB00D227BF /* 304rules.txt */,
				980866081DF4CFF600DB5925 /* 304 */,
				980866071DF4CFF600DB5925 /* Products */,
			);
			sourceTree = "<group>";
		};
		980866071DF4CFF600DB5925 /* Products */ = {
			isa = PBXGroup;
			children = (
				980866061DF4CFF600DB5925 /* 304 */,
			);
			name = Products;
			sourceTree = "<group>";
		};
		980866081DF4CFF600DB5925 /* 304 */ = {
			isa = PBXGroup;
			children = (
				980866091DF4CFF600DB5925 /* main.cpp */,
				98DAD1FA1E054BF200D227BF /* Game.cpp */,
				98DAD1FB1E054BF200D227BF /* Game.hpp */,
				98DAD2001E05733000D227BF /* Object.cpp */,
				98DAD2011E05733000D227BF /* Object.hpp */,
				980866101DF4D07800DB5925 /* Card.cpp */,
				980866111DF4D07800DB5925 /* Card.hpp */,
				980866131DF4D55300DB5925 /* Deck.cpp */,
				980866141DF4D55300DB5925 /* Deck.hpp */,
				98DAD1F11E054B7200D227BF /* Player.cpp */,
				98DAD1F21E054B7200D227BF /* Player.hpp */,
				98DAD1FD1E054C6800D227BF /* Team.cpp */,
				98DAD1FE1E054C6800D227BF /* Team.hpp */,
				98DAD1F71E054BDD00D227BF /* PlayingRound.cpp */,
				98DAD1F81E054BDD00D227BF /* PlayingRound.hpp */,
			);
			path = 304;
			sourceTree = "<group>";
		};
/* End PBXGroup section */

/* Begin PBXNativeTarget section */
		980866051DF4CFF500DB5925 /* 304 */ = {
			isa = PBXNativeTarget;
			buildConfigurationList = 9808660D1DF4CFF600DB5925 /* Build configuration list for PBXNativeTarget "304" */;
			buildPhases = (
				980866021DF4CFF500DB5925 /* Sources */,
				980866031DF4CFF500DB5925 /* Frameworks */,
				980866041DF4CFF500DB5925 /* CopyFiles */,
			);
			buildRules = (
			);
			dependencies = (
			);
			name = 304;
			productName = 304;
			productReference = 980866061DF4CFF600DB5925 /* 304 */;
			productType = "com.apple.product-type.tool";
		};
/* End PBXNativeTarget section */

/* Begin PBXProject section */
		980865FE1DF4CFF500DB5925 /* Project object */ = {
			isa = PBXProject;
			attributes = {
				LastUpgradeCheck = 0810;
				ORGANIZATIONNAME = "Chamira Fernando";
				TargetAttributes = {
					980866051DF4CFF500DB5925 = {
						CreatedOnToolsVersion = 8.1;
						ProvisioningStyle = Automatic;
					};
				};
			};
			buildConfigurationList = 980866011DF4CFF500DB5925 /* Build configuration list for PBXProject "304" */;
			compatibilityVersion = "Xcode 3.2";
			developmentRegion = English;
			hasScannedForEncodings = 0;
			knownRegions = (
				en,
			);
			mainGroup = 980865FD1DF4CFF500DB5925;
			productRefGroup = 980866071DF4CFF600DB5925 /* Products */;
			projectDirPath = "";
			projectRoot = "";
			targets = (
				980866051DF4CFF500DB5925 /* 304 */,
			);
		};
/* End PBXProject section */

/* Begin PBXSourcesBuildPhase section */
		980866021DF4CFF500DB5925 /* Sources */ = {
			isa = PBXSourcesBuildPhase;
			buildActionMask = 2147483647;
			files = (
				98DAD1F31E054B7200D227BF /* Player.cpp in Sources */,
				980866151DF4D55300DB5925 /* Deck.cpp in Sources */,
				98DAD2021E05733000D227BF /* Object.cpp in Sources */,
				9808660A1DF4CFF600DB5925 /* main.cpp in Sources */,
				98DAD1FC1E054BF200D227BF /* Game.cpp in Sources */,
				980866121DF4D07800DB5925 /* Card.cpp in Sources */,
				98DAD1F91E054BDD00D227BF /* PlayingRound.cpp in Sources */,
				98DAD1FF1E054C6800D227BF /* Team.cpp in Sources */,
			);
			runOnlyForDeploymentPostprocessing = 0;
		};
/* End PBXSourcesBuildPhase section */

/* Begin XCBuildConfiguration section */
		9808660B1DF4CFF600DB5925 /* Debug */ = {
			isa = XCBuildConfiguration;
			buildSettings = {
				ALWAYS_SEARCH_USER_PATHS = NO;
				CLANG_ANALYZER_NONNULL = YES;
				CLANG_CXX_LANGUAGE_STANDARD = "gnu++0x";
				CLANG_CXX_LIBRARY = "libc++";
				CLANG_ENABLE_MODULES = YES;
				CLANG_ENABLE_OBJC_ARC = YES;
				CLANG_WARN_BOOL_CONVERSION = YES;
				CLANG_WARN_CONSTANT_CONVERSION = YES;
				CLANG_WARN_DIRECT_OBJC_ISA_USAGE = YES_ERROR;
				CLANG_WARN_DOCUMENTATION_COMMENTS = YES;
				CLANG_WARN_EMPTY_BODY = YES;
				CLANG_WARN_ENUM_CONVERSION = YES;
				CLANG_WARN_INFINITE_RECURSION = YES;
				CLANG_WARN_INT_CONVERSION = YES;
				CLANG_WARN_OBJC_ROOT_CLASS = YES_ERROR;
				CLANG_WARN_SUSPICIOUS_MOVES = YES;
				CLANG_WARN_UNREACHABLE_CODE = YES;
				CLANG_WARN__DUPLICATE_METHOD_MATCH = YES;
				CODE_SIGN_IDENTITY = "-";
				COPY_PHASE_STRIP = NO;
				DEBUG_INFORMATION_FORMAT = dwarf;
				ENABLE_STRICT_OBJC_MSGSEND = YES;
				ENABLE_TESTABILITY = YES;
				GCC_C_LANGUAGE_STANDARD = gnu99;
				GCC_DYNAMIC_NO_PIC = NO;
				GCC_NO_COMMON_BLOCKS = YES;
				GCC_OPTIMIZATION_LEVEL = 0;
				GCC_PREPROCESSOR_DEFINITIONS = (
					"DEBUG=1",
					"$(inherited)",
				);
				GCC_WARN_64_TO_32_BIT_CONVERSION = YES;
				GCC_WARN_ABOUT_RETURN_TYPE = YES_ERROR;
				GCC_WARN_UNDECLARED_SELECTOR = YES;
				GCC_WARN_UNINITIALIZED_AUTOS = YES_AGGRESSIVE;
				GCC_WARN_UNUSED_FUNCTION = YES;
				GCC_WARN_UNUSED_VARIABLE = YES;
				MACOSX_DEPLOYMENT_TARGET = 10.12;
				MTL_ENABLE_DEBUG_INFO = YES;
				ONLY_ACTIVE_ARCH = YES;
				SDKROOT = macosx;
			};
			name = Debug;
		};
		9808660C1DF4CFF600DB5925 /* Release */ = {
			isa = XCBuildConfiguration;
			buildSettings = {
				ALWAYS_SEARCH_USER_PATHS = NO;
				CLANG_ANALYZER_NONNULL = YES;
				CLANG_CXX_LANGUAGE_STANDARD = "gnu++0x";
				CLANG_CXX_LIBRARY = "libc++";
				CLANG_ENABLE_MODULES = YES;
				CLANG_ENABLE_OBJC_ARC = YES;
				CLANG_WARN_BOOL_CONVERSION = YES;
				CLANG_WARN_CONSTANT_CONVERSION = YES;
				CLANG_WARN_DIRECT_OBJC_ISA_USAGE = YES_ERROR;
				CLANG_WARN_DOCUMENTATION_COMMENTS = YES;
				CLANG_WARN_EMPTY_BODY = YES;
				CLANG_WARN_ENUM_CONVERSION = YES;
				CLANG_WARN_INFINITE_RECURSION = YES;
				CLANG_WARN_INT_CONVERSION = YES;
				CLANG_WARN_OBJC_ROOT_CLASS = YES_ERROR;
				CLANG_WARN_SUSPICIOUS_MOVES = YES;
				CLANG_WARN_UNREACHABLE_CODE = YES;
				CLANG_WARN__DUPLICATE_METHOD_MATCH = YES;
				CODE_SIGN_IDENTITY = "-";
				COPY_PHASE_STRIP = NO;
				DEBUG_INFORMATION_FORMAT = "dwarf-with-dsym";
				ENABLE_NS_ASSERTIONS = NO;
				ENABLE_STRICT_OBJC_MSGSEND = YES;
				GCC_C_LANGUAGE_STANDARD = gnu99;
				GCC_NO_COMMON_BLOCKS = YES;
				GCC_WARN_64_TO_32_BIT_CONVERSION = YES;
				GCC_WARN_ABOUT_RETURN_TYPE = YES_ERROR;
				GCC_WARN_UNDECLARED_SELECTOR = YES;
				GCC_WARN_UNINITIALIZED_AUTOS = YES_AGGRESSIVE;
				GCC_WARN_UNUSED_FUNCTION = YES;
				GCC_WARN_UNUSED_VARIABLE = YES;
				MACOSX_DEPLOYMENT_TARGET = 10.12;
				MTL_ENABLE_DEBUG_INFO = NO;
				SDKROOT = macosx;
			};
			name = Release;
		};
		9808660E1DF4CFF600DB5925 /* Debug */ = {
			isa = XCBuildConfiguration;
			buildSettings = {
				PRODUCT_NAME = "$(TARGET_NAME)";
			};
			name = Debug;
		};
		9808660F1DF4CFF600DB5925 /* Release */ = {
			isa = XCBuildConfiguration;
			buildSettings = {
				PRODUCT_NAME = "$(TARGET_NAME)";
			};
			name = Release;
		};
/* End XCBuildConfiguration section */

/* Begin XCConfigurationList section */
		980866011DF4CFF500DB5925 /* Build configuration list for PBXProject "304" */ = {
			isa = XCConfigurationList;
			buildConfigurations = (
				9808660B1DF4CFF600DB5925 /* Debug */,
				9808660C1DF4CFF600DB5925 /* Release */,
			);
			defaultConfigurationIsVisible = 0;
			defaultConfigurationName = Release;
		};
		9808660D1DF4CFF600DB5925 /* Build configuration list for PBXNativeTarget "304" */ = {
			isa = XCConfigurationList;
			buildConfigurations = (
				9808660E1DF4CFF600DB5925 /* Debug */,
				9808660F1DF4CFF600DB5925 /* Release */,
			);
			defaultConfigurationIsVisible = 0;
			defaultConfigurationName = Release;
		};
/* End XCConfigurationList section */
	};
	rootObject = 980865FE1DF4CFF500DB5925 /* Project object */;
}
